
Microsoft Visual Studio Solution File, Format Version 12.00
# Visual Studio Version 17
VisualStudioVersion = 17.8.34330.188
MinimumVisualStudioVersion = 10.0.40219.1
Project("{2150E333-8FDC-42A3-9474-1A3956D46DE8}") = "61. Exe", "61. Exe", "{67D6E8A6-30A0-4636-96A4-D9F5A0126C3D}"
EndProject
Project("{2150E333-8FDC-42A3-9474-1A3956D46DE8}") = "01. Common", "01. Common", "{1244353E-257F-496F-985F-68AAD7FBB1E2}"
EndProject
Project("{FAE04EC0-301F-11D3-BF4B-00C04F79EFBC}") = "EBAP.Exe.MainUI", "Exe\MainUI\EBAP.Exe.MainUI.csproj", "{C4CDBDEA-2626-442D-9E5A-98A267856D60}"
EndProject
Project("{FAE04EC0-301F-11D3-BF4B-00C04F79EFBC}") = "EBAP.Core", "Common\Core\EBAP.Core.csproj", "{5EB313DE-1422-4DB5-9061-A53F61EECD48}"
EndProject
Project("{2150E333-8FDC-42A3-9474-1A3956D46DE8}") = "00.Template", "00.Template", "{36EA6C03-6C3A-46ED-BB09-7DFECDAEE524}"
EndProject
Project("{FAE04EC0-301F-11D3-BF4B-00C04F79EFBC}") = "EBAP.Template", "Template\Template\EBAP.Template.csproj", "{FF9E2B2D-ED69-45E5-9A40-75A4E8925D00}"
EndProject
Project("{2150E333-8FDC-42A3-9474-1A3956D46DE8}") = "02. Win", "02. Win", "{A01DEE12-D3B2-4FBC-88CE-258B8B3DD7B0}"
EndProject
Project("{FAE04EC0-301F-11D3-BF4B-00C04F79EFBC}") = "EBAP.Win.Utility", "Win\Utility\EBAP.Win.Utility.csproj", "{0F89A30C-13C8-4AE7-B860-8AB338A49B1E}"
EndProject
Project("{FAE04EC0-301F-11D3-BF4B-00C04F79EFBC}") = "EBAP.Win.Dialog", "Win\Dialog\EBAP.Win.Dialog.csproj", "{B8099960-63F9-4DED-A03D-2682F6F7A4E8}"
EndProject
Project("{FAE04EC0-301F-11D3-BF4B-00C04F79EFBC}") = "EBAP.Win.BaseFrame", "Win\BaseFrame\EBAP.Win.BaseFrame.csproj", "{5939A38B-F978-4E0C-BC98-63F44135AB1A}"
EndProject
Project("{2150E333-8FDC-42A3-9474-1A3956D46DE8}") = "11. Data", "11. Data", "{7D3E92A1-1933-4EEA-A75A-C5D3D06DC047}"
EndProject
Project("{FAE04EC0-301F-11D3-BF4B-00C04F79EFBC}") = "EBAP.Data.Factory", "Data\Factory\EBAP.Data.Factory.csproj", "{1CF86F19-DC65-4227-B655-52ECD2A2320D}"
EndProject
Project("{2150E333-8FDC-42A3-9474-1A3956D46DE8}") = "21. Biz", "21. Biz", "{941B7E3E-428B-48AA-989C-F68F1DB060BC}"
EndProject
Project("{FAE04EC0-301F-11D3-BF4B-00C04F79EFBC}") = "EBAP.Business.WSBiz", "Business\WSBiz\EBAP.Business.WSBiz.csproj", "{0527FA80-E449-4E37-926F-9F46E2DC4BDC}"
EndProject
Project("{FAE04EC0-301F-11D3-BF4B-00C04F79EFBC}") = "EBAP.Web.Proxy", "Business\Proxy\EBAP.Web.Proxy.csproj", "{F6465484-AD6A-4FF5-8DD9-E75C11DB91F8}"
EndProject
Project("{FAE04EC0-301F-11D3-BF4B-00C04F79EFBC}") = "EBAP.Data.Compaction", "Data\Compaction\EBAP.Data.Compaction.csproj", "{700B5CE3-AC11-4CFF-B57E-639EB90795E5}"
EndProject
Project("{FAE04EC0-301F-11D3-BF4B-00C04F79EFBC}") = "EBAP.Data.CodeUtil", "Data\CodeUtil\EBAP.Data.CodeUtil.csproj", "{DFC71D88-7E59-4F0D-943D-FC97D7F69EF1}"
EndProject
Project("{FAE04EC0-301F-11D3-BF4B-00C04F79EFBC}") = "EBAP.Win.UtilClient", "Win\UtilClient\EBAP.Win.UtilClient.csproj", "{D6C9C6AF-147A-4A5E-9A3C-D690EB8803F4}"
EndProject
Project("{FAE04EC0-301F-11D3-BF4B-00C04F79EFBC}") = "EBAP.Win.ControlLibrary", "Win\ControlLibrary\EBAP.Win.ControlLibrary.csproj", "{4BF925EC-4F08-41E9-83A1-242717CE69A3}"
EndProject
Project("{FAE04EC0-301F-11D3-BF4B-00C04F79EFBC}") = "EBAP.Win.UserControlLibrary", "Win\UserControlLibrary\EBAP.Win.UserControlLibrary.csproj", "{0E94D5BD-256F-417D-BE15-E235C235EF6D}"
EndProject
Project("{FAE04EC0-301F-11D3-BF4B-00C04F79EFBC}") = "EBAP.Exe.AutoUpdater", "Exe\AutoUpdater\EBAP.Exe.AutoUpdater.csproj", "{7026302F-F932-445F-8513-120AB9DD44FB}"
EndProject
Project("{2150E333-8FDC-42A3-9474-1A3956D46DE8}") = "99. UI", "99. UI", "{CA482C94-F022-41DC-9CEB-473AD661D3E4}"
EndProject
Project("{FAE04EC0-301F-11D3-BF4B-00C04F79EFBC}") = "EBAP.UI.ADM", "UI\ADM\EBAP.UI.ADM.csproj", "{DFD20BE3-54A9-485A-8D86-DB3BF8B7B42A}"
EndProject
Project("{E24C65DC-7377-472B-9ABA-BC803B73C61A}") = "EBAPService", "Business\EBAPService\", "{B0F01A07-BB00-4A5A-B8D2-931B586F922F}"
	ProjectSection(WebsiteProperties) = preProject
		TargetFrameworkMoniker = ".NETFramework,Version%3Dv4.8"
		ProjectReferences = "{700b5ce3-ac11-4cff-b57e-639eb90795e5}|EBAP.Data.Compaction.dll;{1cf86f19-dc65-4227-b655-52ecd2a2320d}|EBAP.Data.Factory.dll;"
		Debug.AspNetCompiler.VirtualPath = "/localhost_61200"
		Debug.AspNetCompiler.PhysicalPath = "Business\EBAPService\"
		Debug.AspNetCompiler.TargetPath = "PrecompiledWeb\localhost_61200\"
		Debug.AspNetCompiler.Updateable = "true"
		Debug.AspNetCompiler.ForceOverwrite = "true"
		Debug.AspNetCompiler.FixedNames = "false"
		Debug.AspNetCompiler.Debug = "True"
		Release.AspNetCompiler.VirtualPath = "/localhost_61200"
		Release.AspNetCompiler.PhysicalPath = "Business\EBAPService\"
		Release.AspNetCompiler.TargetPath = "PrecompiledWeb\localhost_61200\"
		Release.AspNetCompiler.Updateable = "true"
		Release.AspNetCompiler.ForceOverwrite = "true"
		Release.AspNetCompiler.FixedNames = "false"
		Release.AspNetCompiler.Debug = "False"
		VWDPort = "61200"
		SlnRelativePath = "Business\EBAPService\"
	EndProjectSection
EndProject
Project("{54435603-DBB4-11D2-8724-00A0C9A8B90C}") = "EBAPSetup", "Exe\EBAPSetup\EBAPSetup.vdproj", "{66F034AE-4941-4B9C-BEED-1C507FE93127}"
EndProject
Project("{FAE04EC0-301F-11D3-BF4B-00C04F79EFBC}") = "EBAP.UI.ITM", "UI\ITM\EBAP.UI.ITM.csproj", "{CB345F87-BFB1-4CE6-9709-63807D91CF54}"
EndProject
Project("{FAE04EC0-301F-11D3-BF4B-00C04F79EFBC}") = "EBAP.UI.PRD", "PRD\EBAP.UI.PRD.csproj", "{5D184574-59DC-4375-923F-81E2857ED15F}"
EndProject
Project("{FAE04EC0-301F-11D3-BF4B-00C04F79EFBC}") = "EBAP.UI.BSE", "BSE\EBAP.UI.BSE.csproj", "{25D1DB17-4E85-4EB4-B620-DD152C5A3AB6}"
EndProject
Project("{FAE04EC0-301F-11D3-BF4B-00C04F79EFBC}") = "EBAP.UI.Sample", "Sample\EBAP.UI.Sample.csproj", "{E215B5D7-2D39-4B31-BE27-83A354250D41}"
EndProject
Global
	GlobalSection(SolutionConfigurationPlatforms) = preSolution
		Debug|Any CPU = Debug|Any CPU
		Release|Any CPU = Release|Any CPU
	EndGlobalSection
	GlobalSection(ProjectConfigurationPlatforms) = postSolution
		{C4CDBDEA-2626-442D-9E5A-98A267856D60}.Debug|Any CPU.ActiveCfg = Debug|Any CPU
		{C4CDBDEA-2626-442D-9E5A-98A267856D60}.Debug|Any CPU.Build.0 = Debug|Any CPU
		{C4CDBDEA-2626-442D-9E5A-98A267856D60}.Release|Any CPU.ActiveCfg = Release|Any CPU
		{C4CDBDEA-2626-442D-9E5A-98A267856D60}.Release|Any CPU.Build.0 = Release|Any CPU
		{5EB313DE-1422-4DB5-9061-A53F61EECD48}.Debug|Any CPU.ActiveCfg = Debug|Any CPU
		{5EB313DE-1422-4DB5-9061-A53F61EECD48}.Debug|Any CPU.Build.0 = Debug|Any CPU
		{5EB313DE-1422-4DB5-9061-A53F61EECD48}.Release|Any CPU.ActiveCfg = Release|Any CPU
		{5EB313DE-1422-4DB5-9061-A53F61EECD48}.Release|Any CPU.Build.0 = Release|Any CPU
		{FF9E2B2D-ED69-45E5-9A40-75A4E8925D00}.Debug|Any CPU.ActiveCfg = Debug|Any CPU
		{FF9E2B2D-ED69-45E5-9A40-75A4E8925D00}.Release|Any CPU.ActiveCfg = Release|Any CPU
		{FF9E2B2D-ED69-45E5-9A40-75A4E8925D00}.Release|Any CPU.Build.0 = Release|Any CPU
		{0F89A30C-13C8-4AE7-B860-8AB338A49B1E}.Debug|Any CPU.ActiveCfg = Debug|Any CPU
		{0F89A30C-13C8-4AE7-B860-8AB338A49B1E}.Debug|Any CPU.Build.0 = Debug|Any CPU
		{0F89A30C-13C8-4AE7-B860-8AB338A49B1E}.Release|Any CPU.ActiveCfg = Release|Any CPU
		{0F89A30C-13C8-4AE7-B860-8AB338A49B1E}.Release|Any CPU.Build.0 = Release|Any CPU
		{B8099960-63F9-4DED-A03D-2682F6F7A4E8}.Debug|Any CPU.ActiveCfg = Debug|Any CPU
		{B8099960-63F9-4DED-A03D-2682F6F7A4E8}.Debug|Any CPU.Build.0 = Debug|Any CPU
		{B8099960-63F9-4DED-A03D-2682F6F7A4E8}.Release|Any CPU.ActiveCfg = Release|Any CPU
		{B8099960-63F9-4DED-A03D-2682F6F7A4E8}.Release|Any CPU.Build.0 = Release|Any CPU
		{5939A38B-F978-4E0C-BC98-63F44135AB1A}.Debug|Any CPU.ActiveCfg = Debug|Any CPU
		{5939A38B-F978-4E0C-BC98-63F44135AB1A}.Debug|Any CPU.Build.0 = Debug|Any CPU
		{5939A38B-F978-4E0C-BC98-63F44135AB1A}.Release|Any CPU.ActiveCfg = Release|Any CPU
		{5939A38B-F978-4E0C-BC98-63F44135AB1A}.Release|Any CPU.Build.0 = Release|Any CPU
		{1CF86F19-DC65-4227-B655-52ECD2A2320D}.Debug|Any CPU.ActiveCfg = Debug|Any CPU
		{1CF86F19-DC65-4227-B655-52ECD2A2320D}.Debug|Any CPU.Build.0 = Debug|Any CPU
		{1CF86F19-DC65-4227-B655-52ECD2A2320D}.Release|Any CPU.ActiveCfg = Release|Any CPU
		{1CF86F19-DC65-4227-B655-52ECD2A2320D}.Release|Any CPU.Build.0 = Release|Any CPU
		{0527FA80-E449-4E37-926F-9F46E2DC4BDC}.Debug|Any CPU.ActiveCfg = Debug|Any CPU
		{0527FA80-E449-4E37-926F-9F46E2DC4BDC}.Debug|Any CPU.Build.0 = Debug|Any CPU
		{0527FA80-E449-4E37-926F-9F46E2DC4BDC}.Release|Any CPU.ActiveCfg = Release|Any CPU
		{0527FA80-E449-4E37-926F-9F46E2DC4BDC}.Release|Any CPU.Build.0 = Release|Any CPU
		{F6465484-AD6A-4FF5-8DD9-E75C11DB91F8}.Debug|Any CPU.ActiveCfg = Debug|Any CPU
		{F6465484-AD6A-4FF5-8DD9-E75C11DB91F8}.Debug|Any CPU.Build.0 = Debug|Any CPU
		{F6465484-AD6A-4FF5-8DD9-E75C11DB91F8}.Release|Any CPU.ActiveCfg = Release|Any CPU
		{F6465484-AD6A-4FF5-8DD9-E75C11DB91F8}.Release|Any CPU.Build.0 = Release|Any CPU
		{700B5CE3-AC11-4CFF-B57E-639EB90795E5}.Debug|Any CPU.ActiveCfg = Debug|Any CPU
		{700B5CE3-AC11-4CFF-B57E-639EB90795E5}.Debug|Any CPU.Build.0 = Debug|Any CPU
		{700B5CE3-AC11-4CFF-B57E-639EB90795E5}.Release|Any CPU.ActiveCfg = Release|Any CPU
		{700B5CE3-AC11-4CFF-B57E-639EB90795E5}.Release|Any CPU.Build.0 = Release|Any CPU
		{DFC71D88-7E59-4F0D-943D-FC97D7F69EF1}.Debug|Any CPU.ActiveCfg = Debug|Any CPU
		{DFC71D88-7E59-4F0D-943D-FC97D7F69EF1}.Debug|Any CPU.Build.0 = Debug|Any CPU
		{DFC71D88-7E59-4F0D-943D-FC97D7F69EF1}.Release|Any CPU.ActiveCfg = Release|Any CPU
		{DFC71D88-7E59-4F0D-943D-FC97D7F69EF1}.Release|Any CPU.Build.0 = Release|Any CPU
		{D6C9C6AF-147A-4A5E-9A3C-D690EB8803F4}.Debug|Any CPU.ActiveCfg = Debug|Any CPU
		{D6C9C6AF-147A-4A5E-9A3C-D690EB8803F4}.Debug|Any CPU.Build.0 = Debug|Any CPU
		{D6C9C6AF-147A-4A5E-9A3C-D690EB8803F4}.Release|Any CPU.ActiveCfg = Release|Any CPU
		{D6C9C6AF-147A-4A5E-9A3C-D690EB8803F4}.Release|Any CPU.Build.0 = Release|Any CPU
		{4BF925EC-4F08-41E9-83A1-242717CE69A3}.Debug|Any CPU.ActiveCfg = Debug|Any CPU
		{4BF925EC-4F08-41E9-83A1-242717CE69A3}.Debug|Any CPU.Build.0 = Debug|Any CPU
		{4BF925EC-4F08-41E9-83A1-242717CE69A3}.Release|Any CPU.ActiveCfg = Release|Any CPU
		{4BF925EC-4F08-41E9-83A1-242717CE69A3}.Release|Any CPU.Build.0 = Release|Any CPU
		{0E94D5BD-256F-417D-BE15-E235C235EF6D}.Debug|Any CPU.ActiveCfg = Debug|Any CPU
		{0E94D5BD-256F-417D-BE15-E235C235EF6D}.Debug|Any CPU.Build.0 = Debug|Any CPU
		{0E94D5BD-256F-417D-BE15-E235C235EF6D}.Release|Any CPU.ActiveCfg = Release|Any CPU
		{0E94D5BD-256F-417D-BE15-E235C235EF6D}.Release|Any CPU.Build.0 = Release|Any CPU
		{7026302F-F932-445F-8513-120AB9DD44FB}.Debug|Any CPU.ActiveCfg = Debug|Any CPU
		{7026302F-F932-445F-8513-120AB9DD44FB}.Debug|Any CPU.Build.0 = Debug|Any CPU
		{7026302F-F932-445F-8513-120AB9DD44FB}.Release|Any CPU.ActiveCfg = Release|Any CPU
		{7026302F-F932-445F-8513-120AB9DD44FB}.Release|Any CPU.Build.0 = Release|Any CPU
		{DFD20BE3-54A9-485A-8D86-DB3BF8B7B42A}.Debug|Any CPU.ActiveCfg = Debug|Any CPU
		{DFD20BE3-54A9-485A-8D86-DB3BF8B7B42A}.Debug|Any CPU.Build.0 = Debug|Any CPU
		{DFD20BE3-54A9-485A-8D86-DB3BF8B7B42A}.Release|Any CPU.ActiveCfg = Release|Any CPU
		{DFD20BE3-54A9-485A-8D86-DB3BF8B7B42A}.Release|Any CPU.Build.0 = Release|Any CPU
		{B0F01A07-BB00-4A5A-B8D2-931B586F922F}.Debug|Any CPU.ActiveCfg = Debug|Any CPU
		{B0F01A07-BB00-4A5A-B8D2-931B586F922F}.Debug|Any CPU.Build.0 = Debug|Any CPU
		{B0F01A07-BB00-4A5A-B8D2-931B586F922F}.Release|Any CPU.ActiveCfg = Debug|Any CPU
		{B0F01A07-BB00-4A5A-B8D2-931B586F922F}.Release|Any CPU.Build.0 = Debug|Any CPU
		{66F034AE-4941-4B9C-BEED-1C507FE93127}.Debug|Any CPU.ActiveCfg = Debug
		{66F034AE-4941-4B9C-BEED-1C507FE93127}.Release|Any CPU.ActiveCfg = Release
		{CB345F87-BFB1-4CE6-9709-63807D91CF54}.Debug|Any CPU.ActiveCfg = Debug|Any CPU
		{CB345F87-BFB1-4CE6-9709-63807D91CF54}.Debug|Any CPU.Build.0 = Debug|Any CPU
		{CB345F87-BFB1-4CE6-9709-63807D91CF54}.Release|Any CPU.ActiveCfg = Release|Any CPU
		{CB345F87-BFB1-4CE6-9709-63807D91CF54}.Release|Any CPU.Build.0 = Release|Any CPU
		{5D184574-59DC-4375-923F-81E2857ED15F}.Debug|Any CPU.ActiveCfg = Debug|Any CPU
		{5D184574-59DC-4375-923F-81E2857ED15F}.Debug|Any CPU.Build.0 = Debug|Any CPU
		{5D184574-59DC-4375-923F-81E2857ED15F}.Release|Any CPU.ActiveCfg = Release|Any CPU
		{5D184574-59DC-4375-923F-81E2857ED15F}.Release|Any CPU.Build.0 = Release|Any CPU
		{25D1DB17-4E85-4EB4-B620-DD152C5A3AB6}.Debug|Any CPU.ActiveCfg = Debug|Any CPU
		{25D1DB17-4E85-4EB4-B620-DD152C5A3AB6}.Debug|Any CPU.Build.0 = Debug|Any CPU
		{25D1DB17-4E85-4EB4-B620-DD152C5A3AB6}.Release|Any CPU.ActiveCfg = Release|Any CPU
		{25D1DB17-4E85-4EB4-B620-DD152C5A3AB6}.Release|Any CPU.Build.0 = Release|Any CPU
		{E215B5D7-2D39-4B31-BE27-83A354250D41}.Debug|Any CPU.ActiveCfg = Debug|Any CPU
		{E215B5D7-2D39-4B31-BE27-83A354250D41}.Debug|Any CPU.Build.0 = Debug|Any CPU
		{E215B5D7-2D39-4B31-BE27-83A354250D41}.Release|Any CPU.ActiveCfg = Release|Any CPU
		{E215B5D7-2D39-4B31-BE27-83A354250D41}.Release|Any CPU.Build.0 = Release|Any CPU
	EndGlobalSection
	GlobalSection(SolutionProperties) = preSolution
		HideSolutionNode = FALSE
	EndGlobalSection
	GlobalSection(NestedProjects) = preSolution
		{C4CDBDEA-2626-442D-9E5A-98A267856D60} = {67D6E8A6-30A0-4636-96A4-D9F5A0126C3D}
		{5EB313DE-1422-4DB5-9061-A53F61EECD48} = {1244353E-257F-496F-985F-68AAD7FBB1E2}
		{FF9E2B2D-ED69-45E5-9A40-75A4E8925D00} = {36EA6C03-6C3A-46ED-BB09-7DFECDAEE524}
		{0F89A30C-13C8-4AE7-B860-8AB338A49B1E} = {A01DEE12-D3B2-4FBC-88CE-258B8B3DD7B0}
		{B8099960-63F9-4DED-A03D-2682F6F7A4E8} = {A01DEE12-D3B2-4FBC-88CE-258B8B3DD7B0}
		{5939A38B-F978-4E0C-BC98-63F44135AB1A} = {A01DEE12-D3B2-4FBC-88CE-258B8B3DD7B0}
		{1CF86F19-DC65-4227-B655-52ECD2A2320D} = {7D3E92A1-1933-4EEA-A75A-C5D3D06DC047}
		{0527FA80-E449-4E37-926F-9F46E2DC4BDC} = {941B7E3E-428B-48AA-989C-F68F1DB060BC}
		{F6465484-AD6A-4FF5-8DD9-E75C11DB91F8} = {941B7E3E-428B-48AA-989C-F68F1DB060BC}
		{700B5CE3-AC11-4CFF-B57E-639EB90795E5} = {7D3E92A1-1933-4EEA-A75A-C5D3D06DC047}
		{DFC71D88-7E59-4F0D-943D-FC97D7F69EF1} = {7D3E92A1-1933-4EEA-A75A-C5D3D06DC047}
		{D6C9C6AF-147A-4A5E-9A3C-D690EB8803F4} = {A01DEE12-D3B2-4FBC-88CE-258B8B3DD7B0}
		{4BF925EC-4F08-41E9-83A1-242717CE69A3} = {A01DEE12-D3B2-4FBC-88CE-258B8B3DD7B0}
		{0E94D5BD-256F-417D-BE15-E235C235EF6D} = {A01DEE12-D3B2-4FBC-88CE-258B8B3DD7B0}
		{7026302F-F932-445F-8513-120AB9DD44FB} = {67D6E8A6-30A0-4636-96A4-D9F5A0126C3D}
		{DFD20BE3-54A9-485A-8D86-DB3BF8B7B42A} = {CA482C94-F022-41DC-9CEB-473AD661D3E4}
		{B0F01A07-BB00-4A5A-B8D2-931B586F922F} = {941B7E3E-428B-48AA-989C-F68F1DB060BC}
		{66F034AE-4941-4B9C-BEED-1C507FE93127} = {67D6E8A6-30A0-4636-96A4-D9F5A0126C3D}
		{CB345F87-BFB1-4CE6-9709-63807D91CF54} = {CA482C94-F022-41DC-9CEB-473AD661D3E4}
		{5D184574-59DC-4375-923F-81E2857ED15F} = {CA482C94-F022-41DC-9CEB-473AD661D3E4}
		{25D1DB17-4E85-4EB4-B620-DD152C5A3AB6} = {CA482C94-F022-41DC-9CEB-473AD661D3E4}
		{E215B5D7-2D39-4B31-BE27-83A354250D41} = {CA482C94-F022-41DC-9CEB-473AD661D3E4}
	EndGlobalSection
	GlobalSection(ExtensibilityGlobals) = postSolution
		SolutionGuid = {9476A9F7-15AE-4FE6-9287-BBDCD9739E88}
	EndGlobalSection
EndGlobal
